
Microsoft Visual Studio Solution File, Format Version 12.00
# Visual Studio Version 16
VisualStudioVersion = 16.0.36107.64
MinimumVisualStudioVersion = 10.0.40219.1
Project("{F184B08F-C81C-45F6-A57F-5ABD9991F28F}") = "APPARELSHOP", "APPARELSHOP\APPARELSHOP.vbproj", "{BF29FEB4-A590-4D98-99AA-5D02DDB6FCDA}"
EndProject
Global
	GlobalSection(SolutionConfigurationPlatforms) = preSolution
		Debug|Any CPU = Debug|Any CPU
		Release|Any CPU = Release|Any CPU
	EndGlobalSection
	GlobalSection(ProjectConfigurationPlatforms) = postSolution
		{BF29FEB4-A590-4D98-99AA-5D02DDB6FCDA}.Debug|Any CPU.ActiveCfg = Debug|Any CPU
		{BF29FEB4-A590-4D98-99AA-5D02DDB6FCDA}.Debug|Any CPU.Build.0 = Debug|Any CPU
		{BF29FEB4-A590-4D98-99AA-5D02DDB6FCDA}.Release|Any CPU.ActiveCfg = Release|Any CPU
		{BF29FEB4-A590-4D98-99AA-5D02DDB6FCDA}.Release|Any CPU.Build.0 = Release|Any CPU
	EndGlobalSection
	GlobalSection(SolutionProperties) = preSolution
		HideSolutionNode = FALSE
	EndGlobalSection
	GlobalSection(ExtensibilityGlobals) = postSolution
		SolutionGuid = {695A7B6A-6811-49B6-BF7C-D7DE42BD219D}
	EndGlobalSection
EndGlobal
